# THIS IS AN AUTOGENERATED FILE. DO NOT EDIT THIS FILE DIRECTLY.
# yarn lockfile v1


copy@^1.0.1:
  version "1.0.1"
  resolved "http://npm.demo.ued.g7s.chinawayltd.com/copy/-/copy-1.0.1.tgz#697e924f0729eb6d7c2fbffab5bb5d78c707eb27"
  integrity sha512-jn8zzuIEJ7vOGdZ+t3AkuLO6/9M6cTLoh5v1QGKMnRrW4uEWOBiMG6zbo4PSRMeYKltRtqsOclh1TxNSUCwbfQ==
